
Microsoft Visual Studio Solution File, Format Version 12.00
# Visual Studio Version 17
VisualStudioVersion = 17.14.36603.0 d17.14
MinimumVisualStudioVersion = 10.0.40219.1
Project("{FAE04EC0-301F-11D3-BF4B-00C04F79EFBC}") = "vereisten-analyse-demo", "vereisten-analyse-demo\vereisten-analyse-demo.csproj", "{9F8AE8F6-44F8-4AFD-B366-6972C3792F60}"
EndProject
Global
	GlobalSection(SolutionConfigurationPlatforms) = preSolution
		Debug|Any CPU = Debug|Any CPU
		Release|Any CPU = Release|Any CPU
	EndGlobalSection
	GlobalSection(ProjectConfigurationPlatforms) = postSolution
		{9F8AE8F6-44F8-4AFD-B366-6972C3792F60}.Debug|Any CPU.ActiveCfg = Debug|Any CPU
		{9F8AE8F6-44F8-4AFD-B366-6972C3792F60}.Debug|Any CPU.Build.0 = Debug|Any CPU
		{9F8AE8F6-44F8-4AFD-B366-6972C3792F60}.Release|Any CPU.ActiveCfg = Release|Any CPU
		{9F8AE8F6-44F8-4AFD-B366-6972C3792F60}.Release|Any CPU.Build.0 = Release|Any CPU
	EndGlobalSection
	GlobalSection(SolutionProperties) = preSolution
		HideSolutionNode = FALSE
	EndGlobalSection
	GlobalSection(ExtensibilityGlobals) = postSolution
		SolutionGuid = {1029E81C-E4C2-46BA-BAC1-6197AAAC3A9B}
	EndGlobalSection
EndGlobal
